
Microsoft Visual Studio Solution File, Format Version 12.00
# Visual Studio Version 17
VisualStudioVersion = 17.5.002.0
MinimumVisualStudioVersion = 10.0.40219.1
Project("{9A19103F-16F7-4668-BE54-9A1E7A4F7556}") = "TicketingSystemApi", "TicketingSystemApi\TicketingSystemApi.csproj", "{03EB04B1-D3A3-4405-8E03-8D101E3B92CD}"
EndProject
Global
	GlobalSection(SolutionConfigurationPlatforms) = preSolution
		Debug|Any CPU = Debug|Any CPU
		Release|Any CPU = Release|Any CPU
	EndGlobalSection
	GlobalSection(ProjectConfigurationPlatforms) = postSolution
		{03EB04B1-D3A3-4405-8E03-8D101E3B92CD}.Debug|Any CPU.ActiveCfg = Debug|Any CPU
		{03EB04B1-D3A3-4405-8E03-8D101E3B92CD}.Debug|Any CPU.Build.0 = Debug|Any CPU
		{03EB04B1-D3A3-4405-8E03-8D101E3B92CD}.Release|Any CPU.ActiveCfg = Release|Any CPU
		{03EB04B1-D3A3-4405-8E03-8D101E3B92CD}.Release|Any CPU.Build.0 = Release|Any CPU
	EndGlobalSection
	GlobalSection(SolutionProperties) = preSolution
		HideSolutionNode = FALSE
	EndGlobalSection
	GlobalSection(ExtensibilityGlobals) = postSolution
		SolutionGuid = {663CFA84-2CAF-41AF-993B-A84615901C85}
	EndGlobalSection
EndGlobal
